
Microsoft Visual Studio Solution File, Format Version 12.00
Project("{FAE04EC0-301F-11D3-BF4B-00C04F79EFBC}") = "BookingService.Presentation", "BookingService.Presentation\BookingService.Presentation.csproj", "{0F5B783F-3CF3-445A-A905-98745B8A651B}"
EndProject
Project("{FAE04EC0-301F-11D3-BF4B-00C04F79EFBC}") = "BookingService.BLL", "BookingService.BLL\BookingService.BLL.csproj", "{33C902B2-341F-432B-B2F4-008E51F59E91}"
EndProject
Project("{FAE04EC0-301F-11D3-BF4B-00C04F79EFBC}") = "BookingService.DAL", "BookingService.DAL\BookingService.DAL.csproj", "{03DA1BF2-E07A-4AAE-9A1B-2CDE0FC9E6D6}"
EndProject
Project("{FAE04EC0-301F-11D3-BF4B-00C04F79EFBC}") = "BookingService.Domain", "BookingService.Domain\BookingService.Domain.csproj", "{1C238001-DABA-4712-9D00-9DCF629A9C85}"
EndProject
Global
	GlobalSection(SolutionConfigurationPlatforms) = preSolution
		Debug|Any CPU = Debug|Any CPU
		Release|Any CPU = Release|Any CPU
	EndGlobalSection
	GlobalSection(ProjectConfigurationPlatforms) = postSolution
		{0F5B783F-3CF3-445A-A905-98745B8A651B}.Debug|Any CPU.ActiveCfg = Debug|Any CPU
		{0F5B783F-3CF3-445A-A905-98745B8A651B}.Debug|Any CPU.Build.0 = Debug|Any CPU
		{0F5B783F-3CF3-445A-A905-98745B8A651B}.Release|Any CPU.ActiveCfg = Release|Any CPU
		{0F5B783F-3CF3-445A-A905-98745B8A651B}.Release|Any CPU.Build.0 = Release|Any CPU
		{33C902B2-341F-432B-B2F4-008E51F59E91}.Debug|Any CPU.ActiveCfg = Debug|Any CPU
		{33C902B2-341F-432B-B2F4-008E51F59E91}.Debug|Any CPU.Build.0 = Debug|Any CPU
		{33C902B2-341F-432B-B2F4-008E51F59E91}.Release|Any CPU.ActiveCfg = Release|Any CPU
		{33C902B2-341F-432B-B2F4-008E51F59E91}.Release|Any CPU.Build.0 = Release|Any CPU
		{03DA1BF2-E07A-4AAE-9A1B-2CDE0FC9E6D6}.Debug|Any CPU.ActiveCfg = Debug|Any CPU
		{03DA1BF2-E07A-4AAE-9A1B-2CDE0FC9E6D6}.Debug|Any CPU.Build.0 = Debug|Any CPU
		{03DA1BF2-E07A-4AAE-9A1B-2CDE0FC9E6D6}.Release|Any CPU.ActiveCfg = Release|Any CPU
		{03DA1BF2-E07A-4AAE-9A1B-2CDE0FC9E6D6}.Release|Any CPU.Build.0 = Release|Any CPU
		{1C238001-DABA-4712-9D00-9DCF629A9C85}.Debug|Any CPU.ActiveCfg = Debug|Any CPU
		{1C238001-DABA-4712-9D00-9DCF629A9C85}.Debug|Any CPU.Build.0 = Debug|Any CPU
		{1C238001-DABA-4712-9D00-9DCF629A9C85}.Release|Any CPU.ActiveCfg = Release|Any CPU
		{1C238001-DABA-4712-9D00-9DCF629A9C85}.Release|Any CPU.Build.0 = Release|Any CPU
	EndGlobalSection
EndGlobal
